# THIS IS AN AUTOGENERATED FILE. DO NOT EDIT THIS FILE DIRECTLY.
# yarn lockfile v1


"@types/google-apps-script@^1.0.48":
  version "1.0.48"
  resolved "https://registry.yarnpkg.com/@types/google-apps-script/-/google-apps-script-1.0.48.tgz#ee62da0796148397c3d6508e3b7d54e8251c8261"
  integrity sha512-DgM4y8E2LfHHPn+jeb/sXpHMiYwyc6A3wlpFNjB/o5pvqsMNEYVLK2dHKJD0VYOqstbFt/cgCUUC8DB9p1pCAQ==
